
Microsoft Visual Studio Solution File, Format Version 12.00
# Visual Studio Version 17
VisualStudioVersion = 17.0.32126.317
MinimumVisualStudioVersion = 10.0.40219.1
Project("{FAE04EC0-301F-11D3-BF4B-00C04F79EFBC}") = "ConsoleApp1", "ConsoleApp1.csproj", "{59D23DED-8EE2-48E8-8893-C7CDC9C32698}"
EndProject
Global
	GlobalSection(SolutionConfigurationPlatforms) = preSolution
		Debug|Any CPU = Debug|Any CPU
		Release|Any CPU = Release|Any CPU
	EndGlobalSection
	GlobalSection(ProjectConfigurationPlatforms) = postSolution
		{59D23DED-8EE2-48E8-8893-C7CDC9C32698}.Debug|Any CPU.ActiveCfg = Debug|Any CPU
		{59D23DED-8EE2-48E8-8893-C7CDC9C32698}.Debug|Any CPU.Build.0 = Debug|Any CPU
		{59D23DED-8EE2-48E8-8893-C7CDC9C32698}.Release|Any CPU.ActiveCfg = Release|Any CPU
		{59D23DED-8EE2-48E8-8893-C7CDC9C32698}.Release|Any CPU.Build.0 = Release|Any CPU
	EndGlobalSection
	GlobalSection(SolutionProperties) = preSolution
		HideSolutionNode = FALSE
	EndGlobalSection
	GlobalSection(ExtensibilityGlobals) = postSolution
		SolutionGuid = {75B1C7AE-143E-4062-A077-D563CC64E3CB}
	EndGlobalSection
EndGlobal
